
Microsoft Visual Studio Solution File, Format Version 12.00
# Visual Studio Version 16
VisualStudioVersion = 16.0.30011.22
MinimumVisualStudioVersion = 10.0.40219.1
Project("{FAE04EC0-301F-11D3-BF4B-00C04F79EFBC}") = "1030510124_SAFAULUDOGAN", "1030510124_SAFAULUDOGAN\1030510124_SAFAULUDOGAN.csproj", "{7E7A99CF-BF5A-4E33-8545-E84B739A6EDB}"
EndProject
Global
	GlobalSection(SolutionConfigurationPlatforms) = preSolution
		Debug|Any CPU = Debug|Any CPU
		Release|Any CPU = Release|Any CPU
	EndGlobalSection
	GlobalSection(ProjectConfigurationPlatforms) = postSolution
		{7E7A99CF-BF5A-4E33-8545-E84B739A6EDB}.Debug|Any CPU.ActiveCfg = Debug|Any CPU
		{7E7A99CF-BF5A-4E33-8545-E84B739A6EDB}.Debug|Any CPU.Build.0 = Debug|Any CPU
		{7E7A99CF-BF5A-4E33-8545-E84B739A6EDB}.Release|Any CPU.ActiveCfg = Release|Any CPU
		{7E7A99CF-BF5A-4E33-8545-E84B739A6EDB}.Release|Any CPU.Build.0 = Release|Any CPU
	EndGlobalSection
	GlobalSection(SolutionProperties) = preSolution
		HideSolutionNode = FALSE
	EndGlobalSection
	GlobalSection(ExtensibilityGlobals) = postSolution
		SolutionGuid = {A0978D5D-276E-41A7-9938-177582CD1DB2}
	EndGlobalSection
EndGlobal
